<?xml version="1.0" encoding="utf-8"?>
<Project ToolsVersion="4.0" xmlns="http://schemas.microsoft.com/developer/msbuild/2003">
  <ItemGroup>
    <Filter Include="Source Files">
      <UniqueIdentifier>{4FC737F1-C7A5-4376-A066-2A32D752A2FF}</UniqueIdentifier>
      <Extensions>cpp;c;cc;cxx</Extensions>
    </Filter>
    <Filter Include="Source Files\Engine Kill">
      <UniqueIdentifier>{B3E1A2C4-5D6F-4E7B-9A8C-1D2E3F4A5B6C}</UniqueIdentifier>
    </Filter>
    <Filter Include="Source Files\Driver">
      <UniqueIdentifier>{C4D5E6F7-A8B9-4C0D-1E2F-3A4B5C6D7E8F}</UniqueIdentifier>
    </Filter>
    <Filter Include="Source Files\Overlay">
      <UniqueIdentifier>{D5E6F7A8-B9C0-4D1E-2F3A-4B5C6D7E8F9A}</UniqueIdentifier>
    </Filter>
    <Filter Include="Source Files\UI">
      <UniqueIdentifier>{E6F7A8B9-C0D1-4E2F-3A4B-5C6D7E8F9A0B}</UniqueIdentifier>
    </Filter>
    <Filter Include="Header Files">
      <UniqueIdentifier>{93995380-89BD-4b04-88EB-625FBE52EBFB}</UniqueIdentifier>
      <Extensions>h;hh;hpp;hxx</Extensions>
    </Filter>
    <Filter Include="Header Files\Engine Kill">
      <UniqueIdentifier>{F7A8B9C0-D1E2-4F3A-4B5C-6D7E8F9A0B1C}</UniqueIdentifier>
    </Filter>
    <Filter Include="Header Files\Driver">
      <UniqueIdentifier>{A8B9C0D1-E2F3-4A4B-5C6D-7E8F9A0B1C2D}</UniqueIdentifier>
    </Filter>
    <Filter Include="Header Files\Overlay">
      <UniqueIdentifier>{B9C0D1E2-F3A4-4B5C-6D7E-8F9A0B1C2D3E}</UniqueIdentifier>
    </Filter>
    <Filter Include="Header Files\UI">
      <UniqueIdentifier>{C0D1E2F3-A4B5-4C6D-7E8F-9A0B1C2D3E4F}</UniqueIdentifier>
    </Filter>
    <Filter Include="Header Files\Generated">
      <UniqueIdentifier>{D1E2F3A4-B5C6-4D7E-8F9A-0B1C2D3E4F5A}</UniqueIdentifier>
    </Filter>
    <Filter Include="Resource Files">
      <UniqueIdentifier>{67DA6AB6-F800-4c08-8B7A-83BB121AAD01}</UniqueIdentifier>
      <Extensions>rc;ico;cur;bmp;dlg;rc2;rct;bin;rgs;gif;jpg;jpeg;jpe;resx</Extensions>
    </Filter>
  </ItemGroup>
  <ItemGroup>
    <ClCompile Include="Main.cpp">
      <Filter>Source Files</Filter>
    </ClCompile>
    <ClCompile Include="BannerUtils.cpp">
      <Filter>Source Files\UI</Filter>
    </ClCompile>
    <ClCompile Include="StealthUtils.cpp">
      <Filter>Source Files\UI</Filter>
    </ClCompile>
    <ClCompile Include="WinDefCtl.cpp">
      <Filter>Source Files\UI</Filter>
    </ClCompile>
    <ClCompile Include="DefenderManager.cpp">
      <Filter>Source Files\Engine Kill</Filter>
    </ClCompile>
    <ClCompile Include="KillerEngine.cpp">
      <Filter>Source Files\Engine Kill</Filter>
    </ClCompile>
    <ClCompile Include="DriverExtract.cpp">
      <Filter>Source Files\Driver</Filter>
    </ClCompile>
    <ClCompile Include="OverlayWindow.cpp">
      <Filter>Source Files\Overlay</Filter>
    </ClCompile>
  </ItemGroup>
  <ItemGroup>
    <ClInclude Include="BannerUtils.h">
      <Filter>Header Files\UI</Filter>
    </ClInclude>
    <ClInclude Include="StealthUtils.h">
      <Filter>Header Files\UI</Filter>
    </ClInclude>
    <ClInclude Include="WinDefCtl.h">
      <Filter>Header Files\UI</Filter>
    </ClInclude>
    <ClInclude Include="Resource.h">
      <Filter>Header Files</Filter>
    </ClInclude>
    <ClInclude Include="GenIconSize.h">
      <Filter>Header Files\Generated</Filter>
    </ClInclude>
    <ClInclude Include="DefenderManager.h">
      <Filter>Header Files\Engine Kill</Filter>
    </ClInclude>
    <ClInclude Include="KillerEngine.h">
      <Filter>Header Files\Engine Kill</Filter>
    </ClInclude>
    <ClInclude Include="DriverExtract.h">
      <Filter>Header Files\Driver</Filter>
    </ClInclude>
    <ClInclude Include="OverlayWindow.h">
      <Filter>Header Files\Overlay</Filter>
    </ClInclude>
  </ItemGroup>
  <ItemGroup>
    <ResourceCompile Include="WinDefCtl.rc">
      <Filter>Resource Files</Filter>
    </ResourceCompile>
  </ItemGroup>
</Project>
